// !$*UTF8*$!
{
	archiveVersion = 1;
	classes = {
	};
	objectVersion = 46;
	objects = {

/* Begin PBXBuildFile section */
		042B9CFC1DE69D93005B641E /* AppDelegate.swift in Sources */ = {isa = PBXBuildFile; fileRef = 042B9CFB1DE69D93005B641E /* AppDelegate.swift */; };
		042B9CFE1DE69D93005B641E /* ViewController.swift in Sources */ = {isa = PBXBuildFile; fileRef = 042B9CFD1DE69D93005B641E /* ViewController.swift */; };
		042B9D011DE69D93005B641E /* Main.storyboard in Resources */ = {isa = PBXBuildFile; fileRef = 042B9CFF1DE69D93005B641E /* Main.storyboard */; };
		042B9D031DE69D93005B641E /* Assets.xcassets in Resources */ = {isa = PBXBuildFile; fileRef = 042B9D021DE69D93005B641E /* Assets.xcassets */; };
		042B9D061DE69D93005B641E /* LaunchScreen.storyboard in Resources */ = {isa = PBXBuildFile; fileRef = 042B9D041DE69D93005B641E /* LaunchScreen.storyboard */; };
		042B9D0E1DE69DC5005B641E /* drinkViewController.swift in Sources */ = {isa = PBXBuildFile; fileRef = 042B9D0D1DE69DC5005B641E /* drinkViewController.swift */; };
		042B9D101DE69DD4005B641E /* detailViewController.swift in Sources */ = {isa = PBXBuildFile; fileRef = 042B9D0F1DE69DD4005B641E /* detailViewController.swift */; };
/* End PBXBuildFile section */

/* Begin PBXFileReference section */
		042B9CF81DE69D93005B641E /* drinkchoose.app */ = {isa = PBXFileReference; explicitFileType = wrapper.application; includeInIndex = 0; path = drinkchoose.app; sourceTree = BUILT_PRODUCTS_DIR; };
		042B9CFB1DE69D93005B641E /* AppDelegate.swift */ = {isa = PBXFileReference; lastKnownFileType = sourcecode.swift; path = AppDelegate.swift; sourceTree = "<group>"; };
		042B9CFD1DE69D93005B641E /* ViewController.swift */ = {isa = PBXFileReference; lastKnownFileType = sourcecode.swift; path = ViewController.swift; sourceTree = "<group>"; };
		042B9D001DE69D93005B641E /* Base */ = {isa = PBXFileReference; lastKnownFileType = file.storyboard; name = Base; path = Base.lproj/Main.storyboard; sourceTree = "<group>"; };
		042B9D021DE69D93005B641E /* Assets.xcassets */ = {isa = PBXFileReference; lastKnownFileType = folder.assetcatalog; path = Assets.xcassets; sourceTree = "<group>"; };
		042B9D051DE69D93005B641E /* Base */ = {isa = PBXFileReference; lastKnownFileType = file.storyboard; name = Base; path = Base.lproj/LaunchScreen.storyboard; sourceTree = "<group>"; };
		042B9D071DE69D93005B641E /* Info.plist */ = {isa = PBXFileReference; lastKnownFileType = text.plist.xml; path = Info.plist; sourceTree = "<group>"; };
		042B9D0D1DE69DC5005B641E /* drinkViewController.swift */ = {isa = PBXFileReference; fileEncoding = 4; lastKnownFileType = sourcecode.swift; path = drinkViewController.swift; sourceTree = "<group>"; };
		042B9D0F1DE69DD4005B641E /* detailViewController.swift */ = {isa = PBXFileReference; fileEncoding = 4; lastKnownFileType = sourcecode.swift; path = detailViewController.swift; sourceTree = "<group>"; };
/* End PBXFileReference section */

/* Begin PBXFrameworksBuildPhase section */
		042B9CF51DE69D93005B641E /* Frameworks */ = {
			isa = PBXFrameworksBuildPhase;
			buildActionMask = 2147483647;
			files = (
			);
			runOnlyForDeploymentPostprocessing = 0;
		};
/* End PBXFrameworksBuildPhase section */

/* Begin PBXGroup section */
		042B9CEF1DE69D93005B641E = {
			isa = PBXGroup;
			children = (
				042B9CFA1DE69D93005B641E /* drinkchoose */,
				042B9CF91DE69D93005B641E /* Products */,
			);
			sourceTree = "<group>";
		};
		042B9CF91DE69D93005B641E /* Products */ = {
			isa = PBXGroup;
			children = (
				042B9CF81DE69D93005B641E /* drinkchoose.app */,
			);
			name = Products;
			sourceTree = "<group>";
		};
		042B9CFA1DE69D93005B641E /* drinkchoose */ = {
			isa = PBXGroup;
			children = (
				042B9CFB1DE69D93005B641E /* AppDelegate.swift */,
				042B9CFD1DE69D93005B641E /* ViewController.swift */,
				042B9CFF1DE69D93005B641E /* Main.storyboard */,
				042B9D021DE69D93005B641E /* Assets.xcassets */,
				042B9D0D1DE69DC5005B641E /* drinkViewController.swift */,
				042B9D0F1DE69DD4005B641E /* detailViewController.swift */,
				042B9D041DE69D93005B641E /* LaunchScreen.storyboard */,
				042B9D071DE69D93005B641E /* Info.plist */,
			);
			path = drinkchoose;
			sourceTree = "<group>";
		};
/* End PBXGroup section */

/* Begin PBXNativeTarget section */
		042B9CF71DE69D93005B641E /* drinkchoose */ = {
			isa = PBXNativeTarget;
			buildConfigurationList = 042B9D0A1DE69D93005B641E /* Build configuration list for PBXNativeTarget "drinkchoose" */;
			buildPhases = (
				042B9CF41DE69D93005B641E /* Sources */,
				042B9CF51DE69D93005B641E /* Frameworks */,
				042B9CF61DE69D93005B641E /* Resources */,
			);
			buildRules = (
			);
			dependencies = (
			);
			name = drinkchoose;
			productName = drinkchoose;
			productReference = 042B9CF81DE69D93005B641E /* drinkchoose.app */;
			productType = "com.apple.product-type.application";
		};
/* End PBXNativeTarget section */

/* Begin PBXProject section */
		042B9CF01DE69D93005B641E /* Project object */ = {
			isa = PBXProject;
			attributes = {
				LastSwiftUpdateCheck = 0810;
				LastUpgradeCheck = 0810;
				ORGANIZATIONNAME = yaya;
				TargetAttributes = {
					042B9CF71DE69D93005B641E = {
						CreatedOnToolsVersion = 8.1;
						DevelopmentTeam = RBNR98LSKP;
						ProvisioningStyle = Automatic;
					};
				};
			};
			buildConfigurationList = 042B9CF31DE69D93005B641E /* Build configuration list for PBXProject "drinkchoose" */;
			compatibilityVersion = "Xcode 3.2";
			developmentRegion = English;
			hasScannedForEncodings = 0;
			knownRegions = (
				en,
				Base,
			);
			mainGroup = 042B9CEF1DE69D93005B641E;
			productRefGroup = 042B9CF91DE69D93005B641E /* Products */;
			projectDirPath = "";
			projectRoot = "";
			targets = (
				042B9CF71DE69D93005B641E /* drinkchoose */,
			);
		};
/* End PBXProject section */

/* Begin PBXResourcesBuildPhase section */
		042B9CF61DE69D93005B641E /* Resources */ = {
			isa = PBXResourcesBuildPhase;
			buildActionMask = 2147483647;
			files = (
				042B9D061DE69D93005B641E /* LaunchScreen.storyboard in Resources */,
				042B9D031DE69D93005B641E /* Assets.xcassets in Resources */,
				042B9D011DE69D93005B641E /* Main.storyboard in Resources */,
			);
			runOnlyForDeploymentPostprocessing = 0;
		};
/* End PBXResourcesBuildPhase section */

/* Begin PBXSourcesBuildPhase section */
		042B9CF41DE69D93005B641E /* Sources */ = {
			isa = PBXSourcesBuildPhase;
			buildActionMask = 2147483647;
			files = (
				042B9CFE1DE69D93005B641E /* ViewController.swift in Sources */,
				042B9CFC1DE69D93005B641E /* AppDelegate.swift in Sources */,
				042B9D0E1DE69DC5005B641E /* drinkViewController.swift in Sources */,
				042B9D101DE69DD4005B641E /* detailViewController.swift in Sources */,
			);
			runOnlyForDeploymentPostprocessing = 0;
		};
/* End PBXSourcesBuildPhase section */

/* Begin PBXVariantGroup section */
		042B9CFF1DE69D93005B641E /* Main.storyboard */ = {
			isa = PBXVariantGroup;
			children = (
				042B9D001DE69D93005B641E /* Base */,
			);
			name = Main.storyboard;
			sourceTree = "<group>";
		};
		042B9D041DE69D93005B641E /* LaunchScreen.storyboard */ = {
			isa = PBXVariantGroup;
			children = (
				042B9D051DE69D93005B641E /* Base */,
			);
			name = LaunchScreen.storyboard;
			sourceTree = "<group>";
		};
/* End PBXVariantGroup section */

/* Begin XCBuildConfiguration section */
		042B9D081DE69D93005B641E /* Debug */ = {
			isa = XCBuildConfiguration;
			buildSettings = {
				ALWAYS_SEARCH_USER_PATHS = NO;
				CLANG_ANALYZER_NONNULL = YES;
				CLANG_CXX_LANGUAGE_STANDARD = "gnu++0x";
				CLANG_CXX_LIBRARY = "libc++";
				CLANG_ENABLE_MODULES = YES;
				CLANG_ENABLE_OBJC_ARC = YES;
				CLANG_WARN_BOOL_CONVERSION = YES;
				CLANG_WARN_CONSTANT_CONVERSION = YES;
				CLANG_WARN_DIRECT_OBJC_ISA_USAGE = YES_ERROR;
				CLANG_WARN_DOCUMENTATION_COMMENTS = YES;
				CLANG_WARN_EMPTY_BODY = YES;
				CLANG_WARN_ENUM_CONVERSION = YES;
				CLANG_WARN_INFINITE_RECURSION = YES;
				CLANG_WARN_INT_CONVERSION = YES;
				CLANG_WARN_OBJC_ROOT_CLASS = YES_ERROR;
				CLANG_WARN_SUSPICIOUS_MOVES = YES;
				CLANG_WARN_UNREACHABLE_CODE = YES;
				CLANG_WARN__DUPLICATE_METHOD_MATCH = YES;
				"CODE_SIGN_IDENTITY[sdk=iphoneos*]" = "iPhone Developer";
				COPY_PHASE_STRIP = NO;
				DEBUG_INFORMATION_FORMAT = dwarf;
				ENABLE_STRICT_OBJC_MSGSEND = YES;
				ENABLE_TESTABILITY = YES;
				GCC_C_LANGUAGE_STANDARD = gnu99;
				GCC_DYNAMIC_NO_PIC = NO;
				GCC_NO_COMMON_BLOCKS = YES;
				GCC_OPTIMIZATION_LEVEL = 0;
				GCC_PREPROCESSOR_DEFINITIONS = (
					"DEBUG=1",
					"$(inherited)",
				);
				GCC_WARN_64_TO_32_BIT_CONVERSION = YES;
				GCC_WARN_ABOUT_RETURN_TYPE = YES_ERROR;
				GCC_WARN_UNDECLARED_SELECTOR = YES;
				GCC_WARN_UNINITIALIZED_AUTOS = YES_AGGRESSIVE;
				GCC_WARN_UNUSED_FUNCTION = YES;
				GCC_WARN_UNUSED_VARIABLE = YES;
				IPHONEOS_DEPLOYMENT_TARGET = 10.1;
				MTL_ENABLE_DEBUG_INFO = YES;
				ONLY_ACTIVE_ARCH = YES;
				SDKROOT = iphoneos;
				SWIFT_ACTIVE_COMPILATION_CONDITIONS = DEBUG;
				SWIFT_OPTIMIZATION_LEVEL = "-Onone";
			};
			name = Debug;
		};
		042B9D091DE69D93005B641E /* Release */ = {
			isa = XCBuildConfiguration;
			buildSettings = {
				ALWAYS_SEARCH_USER_PATHS = NO;
				CLANG_ANALYZER_NONNULL = YES;
				CLANG_CXX_LANGUAGE_STANDARD = "gnu++0x";
				CLANG_CXX_LIBRARY = "libc++";
				CLANG_ENABLE_MODULES = YES;
				CLANG_ENABLE_OBJC_ARC = YES;
				CLANG_WARN_BOOL_CONVERSION = YES;
				CLANG_WARN_CONSTANT_CONVERSION = YES;
				CLANG_WARN_DIRECT_OBJC_ISA_USAGE = YES_ERROR;
				CLANG_WARN_DOCUMENTATION_COMMENTS = YES;
				CLANG_WARN_EMPTY_BODY = YES;
				CLANG_WARN_ENUM_CONVERSION = YES;
				CLANG_WARN_INFINITE_RECURSION = YES;
				CLANG_WARN_INT_CONVERSION = YES;
				CLANG_WARN_OBJC_ROOT_CLASS = YES_ERROR;
				CLANG_WARN_SUSPICIOUS_MOVES = YES;
				CLANG_WARN_UNREACHABLE_CODE = YES;
				CLANG_WARN__DUPLICATE_METHOD_MATCH = YES;
				"CODE_SIGN_IDENTITY[sdk=iphoneos*]" = "iPhone Developer";
				COPY_PHASE_STRIP = NO;
				DEBUG_INFORMATION_FORMAT = "dwarf-with-dsym";
				ENABLE_NS_ASSERTIONS = NO;
				ENABLE_STRICT_OBJC_MSGSEND = YES;
				GCC_C_LANGUAGE_STANDARD = gnu99;
				GCC_NO_COMMON_BLOCKS = YES;
				GCC_WARN_64_TO_32_BIT_CONVERSION = YES;
				GCC_WARN_ABOUT_RETURN_TYPE = YES_ERROR;
				GCC_WARN_UNDECLARED_SELECTOR = YES;
				GCC_WARN_UNINITIALIZED_AUTOS = YES_AGGRESSIVE;
				GCC_WARN_UNUSED_FUNCTION = YES;
				GCC_WARN_UNUSED_VARIABLE = YES;
				IPHONEOS_DEPLOYMENT_TARGET = 10.1;
				MTL_ENABLE_DEBUG_INFO = NO;
				SDKROOT = iphoneos;
				SWIFT_OPTIMIZATION_LEVEL = "-Owholemodule";
				VALIDATE_PRODUCT = YES;
			};
			name = Release;
		};
		042B9D0B1DE69D93005B641E /* Debug */ = {
			isa = XCBuildConfiguration;
			buildSettings = {
				ASSETCATALOG_COMPILER_APPICON_NAME = AppIcon;
				DEVELOPMENT_TEAM = RBNR98LSKP;
				INFOPLIST_FILE = drinkchoose/Info.plist;
				LD_RUNPATH_SEARCH_PATHS = "$(inherited) @executable_path/Frameworks";
				PRODUCT_BUNDLE_IDENTIFIER = com.yaya.drinkchoose;
				PRODUCT_NAME = "$(TARGET_NAME)";
				SWIFT_VERSION = 3.0;
			};
			name = Debug;
		};
		042B9D0C1DE69D93005B641E /* Release */ = {
			isa = XCBuildConfiguration;
			buildSettings = {
				ASSETCATALOG_COMPILER_APPICON_NAME = AppIcon;
				DEVELOPMENT_TEAM = RBNR98LSKP;
				INFOPLIST_FILE = drinkchoose/Info.plist;
				LD_RUNPATH_SEARCH_PATHS = "$(inherited) @executable_path/Frameworks";
				PRODUCT_BUNDLE_IDENTIFIER = com.yaya.drinkchoose;
				PRODUCT_NAME = "$(TARGET_NAME)";
				SWIFT_VERSION = 3.0;
			};
			name = Release;
		};
/* End XCBuildConfiguration section */

/* Begin XCConfigurationList section */
		042B9CF31DE69D93005B641E /* Build configuration list for PBXProject "drinkchoose" */ = {
			isa = XCConfigurationList;
			buildConfigurations = (
				042B9D081DE69D93005B641E /* Debug */,
				042B9D091DE69D93005B641E /* Release */,
			);
			defaultConfigurationIsVisible = 0;
			defaultConfigurationName = Release;
		};
		042B9D0A1DE69D93005B641E /* Build configuration list for PBXNativeTarget "drinkchoose" */ = {
			isa = XCConfigurationList;
			buildConfigurations = (
				042B9D0B1DE69D93005B641E /* Debug */,
				042B9D0C1DE69D93005B641E /* Release */,
			);
			defaultConfigurationIsVisible = 0;
		};
/* End XCConfigurationList section */
	};
	rootObject = 042B9CF01DE69D93005B641E /* Project object */;
}
